{
  "version": "5",
  "specifiers": {
    "jsr:@std/cli@^1.0.21": "1.0.21",
    "jsr:@std/encoding@^1.0.10": "1.0.10",
    "jsr:@std/fmt@^1.0.8": "1.0.8",
    "jsr:@std/fs@^1.0.19": "1.0.19",
    "jsr:@std/html@^1.0.4": "1.0.4",
    "jsr:@std/http@*": "1.0.20",
    "jsr:@std/http@1": "1.0.20",
    "jsr:@std/internal@^1.0.10": "1.0.10",
    "jsr:@std/media-types@^1.1.0": "1.1.0",
    "jsr:@std/net@^1.0.4": "1.0.5",
    "jsr:@std/path@^1.1.1": "1.1.2",
    "jsr:@std/streams@^1.0.10": "1.0.11",
    "npm:tinyqueue@3.0.0": "3.0.0",
    "npm:vite@*": "5.4.14",
    "npm:vite@5": "5.4.14"
  },
  "jsr": {
    "@std/cli@1.0.21": {
      "integrity": "cd25b050bdf6282e321854e3822bee624f07aca7636a3a76d95f77a3a919ca2a"
    },
    "@std/encoding@1.0.10": {
      "integrity": "8783c6384a2d13abd5e9e87a7ae0520a30e9f56aeeaa3bdf910a3eaaf5c811a1"
    },
    "@std/fmt@1.0.8": {
      "integrity": "71e1fc498787e4434d213647a6e43e794af4fd393ef8f52062246e06f7e372b7"
    },
    "@std/fs@1.0.19": {
      "integrity": "051968c2b1eae4d2ea9f79a08a3845740ef6af10356aff43d3e2ef11ed09fb06"
    },
    "@std/html@1.0.4": {
      "integrity": "eff3497c08164e6ada49b7f81a28b5108087033823153d065e3f89467dd3d50e"
    },
    "@std/http@1.0.20": {
      "integrity": "b5cc33fc001bccce65ed4c51815668c9891c69ccd908295997e983d8f56070a1",
      "dependencies": [
        "jsr:@std/cli",
        "jsr:@std/encoding",
        "jsr:@std/fmt",
        "jsr:@std/fs",
        "jsr:@std/html",
        "jsr:@std/media-types",
        "jsr:@std/net",
        "jsr:@std/path",
        "jsr:@std/streams"
      ]
    },
    "@std/internal@1.0.10": {
      "integrity": "e3be62ce42cab0e177c27698e5d9800122f67b766a0bea6ca4867886cbde8cf7"
    },
    "@std/media-types@1.1.0": {
      "integrity": "c9d093f0c05c3512932b330e3cc1fe1d627b301db33a4c2c2185c02471d6eaa4"
    },
    "@std/net@1.0.5": {
      "integrity": "b759d8c5e17d997e164af6379d57764668c6714f30109685eec0fd5e194d501a"
    },
    "@std/path@1.1.2": {
      "integrity": "c0b13b97dfe06546d5e16bf3966b1cadf92e1cc83e56ba5476ad8b498d9e3038",
      "dependencies": [
        "jsr:@std/internal"
      ]
    },
    "@std/streams@1.0.11": {
      "integrity": "db583d27e28d133f389f1eec318cffdf4998305e5134c1d4b1c56b361cee6018"
    }
  },
  "npm": {
    "@esbuild/aix-ppc64@0.21.5": {
      "integrity": "sha512-1SDgH6ZSPTlggy1yI6+Dbkiz8xzpHJEVAlF/AM1tHPLsf5STom9rwtjE4hKAF20FfXXNTFqEYXyJNWh1GiZedQ==",
      "os": ["aix"],
      "cpu": ["ppc64"]
    },
    "@esbuild/android-arm64@0.21.5": {
      "integrity": "sha512-c0uX9VAUBQ7dTDCjq+wdyGLowMdtR/GoC2U5IYk/7D1H1JYC0qseD7+11iMP2mRLN9RcCMRcjC4YMclCzGwS/A==",
      "os": ["android"],
      "cpu": ["arm64"]
    },
    "@esbuild/android-arm@0.21.5": {
      "integrity": "sha512-vCPvzSjpPHEi1siZdlvAlsPxXl7WbOVUBBAowWug4rJHb68Ox8KualB+1ocNvT5fjv6wpkX6o/iEpbDrf68zcg==",
      "os": ["android"],
      "cpu": ["arm"]
    },
    "@esbuild/android-x64@0.21.5": {
      "integrity": "sha512-D7aPRUUNHRBwHxzxRvp856rjUHRFW1SdQATKXH2hqA0kAZb1hKmi02OpYRacl0TxIGz/ZmXWlbZgjwWYaCakTA==",
      "os": ["android"],
      "cpu": ["x64"]
    },
    "@esbuild/darwin-arm64@0.21.5": {
      "integrity": "sha512-DwqXqZyuk5AiWWf3UfLiRDJ5EDd49zg6O9wclZ7kUMv2WRFr4HKjXp/5t8JZ11QbQfUS6/cRCKGwYhtNAY88kQ==",
      "os": ["darwin"],
      "cpu": ["arm64"]
    },
    "@esbuild/darwin-x64@0.21.5": {
      "integrity": "sha512-se/JjF8NlmKVG4kNIuyWMV/22ZaerB+qaSi5MdrXtd6R08kvs2qCN4C09miupktDitvh8jRFflwGFBQcxZRjbw==",
      "os": ["darwin"],
      "cpu": ["x64"]
    },
    "@esbuild/freebsd-arm64@0.21.5": {
      "integrity": "sha512-5JcRxxRDUJLX8JXp/wcBCy3pENnCgBR9bN6JsY4OmhfUtIHe3ZW0mawA7+RDAcMLrMIZaf03NlQiX9DGyB8h4g==",
      "os": ["freebsd"],
      "cpu": ["arm64"]
    },
    "@esbuild/freebsd-x64@0.21.5": {
      "integrity": "sha512-J95kNBj1zkbMXtHVH29bBriQygMXqoVQOQYA+ISs0/2l3T9/kj42ow2mpqerRBxDJnmkUDCaQT/dfNXWX/ZZCQ==",
      "os": ["freebsd"],
      "cpu": ["x64"]
    },
    "@esbuild/linux-arm64@0.21.5": {
      "integrity": "sha512-ibKvmyYzKsBeX8d8I7MH/TMfWDXBF3db4qM6sy+7re0YXya+K1cem3on9XgdT2EQGMu4hQyZhan7TeQ8XkGp4Q==",
      "os": ["linux"],
      "cpu": ["arm64"]
    },
    "@esbuild/linux-arm@0.21.5": {
      "integrity": "sha512-bPb5AHZtbeNGjCKVZ9UGqGwo8EUu4cLq68E95A53KlxAPRmUyYv2D6F0uUI65XisGOL1hBP5mTronbgo+0bFcA==",
      "os": ["linux"],
      "cpu": ["arm"]
    },
    "@esbuild/linux-ia32@0.21.5": {
      "integrity": "sha512-YvjXDqLRqPDl2dvRODYmmhz4rPeVKYvppfGYKSNGdyZkA01046pLWyRKKI3ax8fbJoK5QbxblURkwK/MWY18Tg==",
      "os": ["linux"],
      "cpu": ["ia32"]
    },
    "@esbuild/linux-loong64@0.21.5": {
      "integrity": "sha512-uHf1BmMG8qEvzdrzAqg2SIG/02+4/DHB6a9Kbya0XDvwDEKCoC8ZRWI5JJvNdUjtciBGFQ5PuBlpEOXQj+JQSg==",
      "os": ["linux"],
      "cpu": ["loong64"]
    },
    "@esbuild/linux-mips64el@0.21.5": {
      "integrity": "sha512-IajOmO+KJK23bj52dFSNCMsz1QP1DqM6cwLUv3W1QwyxkyIWecfafnI555fvSGqEKwjMXVLokcV5ygHW5b3Jbg==",
      "os": ["linux"],
      "cpu": ["mips64el"]
    },
    "@esbuild/linux-ppc64@0.21.5": {
      "integrity": "sha512-1hHV/Z4OEfMwpLO8rp7CvlhBDnjsC3CttJXIhBi+5Aj5r+MBvy4egg7wCbe//hSsT+RvDAG7s81tAvpL2XAE4w==",
      "os": ["linux"],
      "cpu": ["ppc64"]
    },
    "@esbuild/linux-riscv64@0.21.5": {
      "integrity": "sha512-2HdXDMd9GMgTGrPWnJzP2ALSokE/0O5HhTUvWIbD3YdjME8JwvSCnNGBnTThKGEB91OZhzrJ4qIIxk/SBmyDDA==",
      "os": ["linux"],
      "cpu": ["riscv64"]
    },
    "@esbuild/linux-s390x@0.21.5": {
      "integrity": "sha512-zus5sxzqBJD3eXxwvjN1yQkRepANgxE9lgOW2qLnmr8ikMTphkjgXu1HR01K4FJg8h1kEEDAqDcZQtbrRnB41A==",
      "os": ["linux"],
      "cpu": ["s390x"]
    },
    "@esbuild/linux-x64@0.21.5": {
      "integrity": "sha512-1rYdTpyv03iycF1+BhzrzQJCdOuAOtaqHTWJZCWvijKD2N5Xu0TtVC8/+1faWqcP9iBCWOmjmhoH94dH82BxPQ==",
      "os": ["linux"],
      "cpu": ["x64"]
    },
    "@esbuild/netbsd-x64@0.21.5": {
      "integrity": "sha512-Woi2MXzXjMULccIwMnLciyZH4nCIMpWQAs049KEeMvOcNADVxo0UBIQPfSmxB3CWKedngg7sWZdLvLczpe0tLg==",
      "os": ["netbsd"],
      "cpu": ["x64"]
    },
    "@esbuild/openbsd-x64@0.21.5": {
      "integrity": "sha512-HLNNw99xsvx12lFBUwoT8EVCsSvRNDVxNpjZ7bPn947b8gJPzeHWyNVhFsaerc0n3TsbOINvRP2byTZ5LKezow==",
      "os": ["openbsd"],
      "cpu": ["x64"]
    },
    "@esbuild/sunos-x64@0.21.5": {
      "integrity": "sha512-6+gjmFpfy0BHU5Tpptkuh8+uw3mnrvgs+dSPQXQOv3ekbordwnzTVEb4qnIvQcYXq6gzkyTnoZ9dZG+D4garKg==",
      "os": ["sunos"],
      "cpu": ["x64"]
    },
    "@esbuild/win32-arm64@0.21.5": {
      "integrity": "sha512-Z0gOTd75VvXqyq7nsl93zwahcTROgqvuAcYDUr+vOv8uHhNSKROyU961kgtCD1e95IqPKSQKH7tBTslnS3tA8A==",
      "os": ["win32"],
      "cpu": ["arm64"]
    },
    "@esbuild/win32-ia32@0.21.5": {
      "integrity": "sha512-SWXFF1CL2RVNMaVs+BBClwtfZSvDgtL//G/smwAc5oVK/UPu2Gu9tIaRgFmYFFKrmg3SyAjSrElf0TiJ1v8fYA==",
      "os": ["win32"],
      "cpu": ["ia32"]
    },
    "@esbuild/win32-x64@0.21.5": {
      "integrity": "sha512-tQd/1efJuzPC6rCFwEvLtci/xNFcTZknmXs98FYDfGE4wP9ClFV98nyKrzJKVPMhdDnjzLhdUyMX4PsQAPjwIw==",
      "os": ["win32"],
      "cpu": ["x64"]
    },
    "@rollup/rollup-android-arm-eabi@4.34.0": {
      "integrity": "sha512-Eeao7ewDq79jVEsrtWIj5RNqB8p2knlm9fhR6uJ2gqP7UfbLrTrxevudVrEPDM7Wkpn/HpRC2QfazH7MXLz3vQ==",
      "os": ["android"],
      "cpu": ["arm"]
    },
    "@rollup/rollup-android-arm64@4.34.0": {
      "integrity": "sha512-yVh0Kf1f0Fq4tWNf6mWcbQBCLDpDrDEl88lzPgKhrgTcDrTtlmun92ywEF9dCjmYO3EFiSuJeeo9cYRxl2FswA==",
      "os": ["android"],
      "cpu": ["arm64"]
    },
    "@rollup/rollup-darwin-arm64@4.34.0": {
      "integrity": "sha512-gCs0ErAZ9s0Osejpc3qahTsqIPUDjSKIyxK/0BGKvL+Tn0n3Kwvj8BrCv7Y5sR1Ypz1K2qz9Ny0VvkVyoXBVUQ==",
      "os": ["darwin"],
      "cpu": ["arm64"]
    },
    "@rollup/rollup-darwin-x64@4.34.0": {
      "integrity": "sha512-aIB5Anc8hngk15t3GUkiO4pv42ykXHfmpXGS+CzM9CTyiWyT8HIS5ygRAy7KcFb/wiw4Br+vh1byqcHRTfq2tQ==",
      "os": ["darwin"],
      "cpu": ["x64"]
    },
    "@rollup/rollup-freebsd-arm64@4.34.0": {
      "integrity": "sha512-kpdsUdMlVJMRMaOf/tIvxk8TQdzHhY47imwmASOuMajg/GXpw8GKNd8LNwIHE5Yd1onehNpcUB9jHY6wgw9nHQ==",
      "os": ["freebsd"],
      "cpu": ["arm64"]
    },
    "@rollup/rollup-freebsd-x64@4.34.0": {
      "integrity": "sha512-D0RDyHygOBCQiqookcPevrvgEarN0CttBecG4chOeIYCNtlKHmf5oi5kAVpXV7qs0Xh/WO2RnxeicZPtT50V0g==",
      "os": ["freebsd"],
      "cpu": ["x64"]
    },
    "@rollup/rollup-linux-arm-gnueabihf@4.34.0": {
      "integrity": "sha512-mCIw8j5LPDXmCOW8mfMZwT6F/Kza03EnSr4wGYEswrEfjTfVsFOxvgYfuRMxTuUF/XmRb9WSMD5GhCWDe2iNrg==",
      "os": ["linux"],
      "cpu": ["arm"]
    },
    "@rollup/rollup-linux-arm-musleabihf@4.34.0": {
      "integrity": "sha512-AwwldAu4aCJPob7zmjuDUMvvuatgs8B/QiVB0KwkUarAcPB3W+ToOT+18TQwY4z09Al7G0BvCcmLRop5zBLTag==",
      "os": ["linux"],
      "cpu": ["arm"]
    },
    "@rollup/rollup-linux-arm64-gnu@4.34.0": {
      "integrity": "sha512-e7kDUGVP+xw05pV65ZKb0zulRploU3gTu6qH1qL58PrULDGxULIS0OSDQJLH7WiFnpd3ZKUU4VM3u/Z7Zw+e7Q==",
      "os": ["linux"],
      "cpu": ["arm64"]
    },
    "@rollup/rollup-linux-arm64-musl@4.34.0": {
      "integrity": "sha512-SXYJw3zpwHgaBqTXeAZ31qfW/v50wq4HhNVvKFhRr5MnptRX2Af4KebLWR1wpxGJtLgfS2hEPuALRIY3LPAAcA==",
      "os": ["linux"],
      "cpu": ["arm64"]
    },
    "@rollup/rollup-linux-loongarch64-gnu@4.34.0": {
      "integrity": "sha512-e5XiCinINCI4RdyU3sFyBH4zzz7LiQRvHqDtRe9Dt8o/8hTBaYpdPimayF00eY2qy5j4PaaWK0azRgUench6WQ==",
      "os": ["linux"],
      "cpu": ["loong64"]
    },
    "@rollup/rollup-linux-powerpc64le-gnu@4.34.0": {
      "integrity": "sha512-3SWN3e0bAsm9ToprLFBSro8nJe6YN+5xmB11N4FfNf92wvLye/+Rh5JGQtKOpwLKt6e61R1RBc9g+luLJsc23A==",
      "os": ["linux"],
      "cpu": ["ppc64"]
    },
    "@rollup/rollup-linux-riscv64-gnu@4.34.0": {
      "integrity": "sha512-B1Oqt3GLh7qmhvfnc2WQla4NuHlcxAD5LyueUi5WtMc76ZWY+6qDtQYqnxARx9r+7mDGfamD+8kTJO0pKUJeJA==",
      "os": ["linux"],
      "cpu": ["riscv64"]
    },
    "@rollup/rollup-linux-s390x-gnu@4.34.0": {
      "integrity": "sha512-UfUCo0h/uj48Jq2lnhX0AOhZPSTAq3Eostas+XZ+GGk22pI+Op1Y6cxQ1JkUuKYu2iU+mXj1QjPrZm9nNWV9rg==",
      "os": ["linux"],
      "cpu": ["s390x"]
    },
    "@rollup/rollup-linux-x64-gnu@4.34.0": {
      "integrity": "sha512-chZLTUIPbgcpm+Z7ALmomXW8Zh+wE2icrG+K6nt/HenPLmtwCajhQC5flNSk1Xy5EDMt/QAOz2MhzfOfJOLSiA==",
      "os": ["linux"],
      "cpu": ["x64"]
    },
    "@rollup/rollup-linux-x64-musl@4.34.0": {
      "integrity": "sha512-jo0UolK70O28BifvEsFD/8r25shFezl0aUk2t0VJzREWHkq19e+pcLu4kX5HiVXNz5qqkD+aAq04Ct8rkxgbyQ==",
      "os": ["linux"],
      "cpu": ["x64"]
    },
    "@rollup/rollup-win32-arm64-msvc@4.34.0": {
      "integrity": "sha512-Vmg0NhAap2S54JojJchiu5An54qa6t/oKT7LmDaWggpIcaiL8WcWHEN6OQrfTdL6mQ2GFyH7j2T5/3YPEDOOGA==",
      "os": ["win32"],
      "cpu": ["arm64"]
    },
    "@rollup/rollup-win32-ia32-msvc@4.34.0": {
      "integrity": "sha512-CV2aqhDDOsABKHKhNcs1SZFryffQf8vK2XrxP6lxC99ELZAdvsDgPklIBfd65R8R+qvOm1SmLaZ/Fdq961+m7A==",
      "os": ["win32"],
      "cpu": ["ia32"]
    },
    "@rollup/rollup-win32-x64-msvc@4.34.0": {
      "integrity": "sha512-g2ASy1QwHP88y5KWvblUolJz9rN+i4ZOsYzkEwcNfaNooxNUXG+ON6F5xFo0NIItpHqxcdAyls05VXpBnludGw==",
      "os": ["win32"],
      "cpu": ["x64"]
    },
    "@types/estree@1.0.6": {
      "integrity": "sha512-AYnb1nQyY49te+VRAVgmzfcgjYS91mY5P0TKUDCLEM+gNnA+3T6rWITXRLYCpahpqSQbN5cE+gHpnPyXjHWxcw=="
    },
    "esbuild@0.21.5": {
      "integrity": "sha512-mg3OPMV4hXywwpoDxu3Qda5xCKQi+vCTZq8S9J/EpkhB2HzKXq4SNFZE3+NK93JYxc8VMSep+lOUSC/RVKaBqw==",
      "optionalDependencies": [
        "@esbuild/aix-ppc64",
        "@esbuild/android-arm",
        "@esbuild/android-arm64",
        "@esbuild/android-x64",
        "@esbuild/darwin-arm64",
        "@esbuild/darwin-x64",
        "@esbuild/freebsd-arm64",
        "@esbuild/freebsd-x64",
        "@esbuild/linux-arm",
        "@esbuild/linux-arm64",
        "@esbuild/linux-ia32",
        "@esbuild/linux-loong64",
        "@esbuild/linux-mips64el",
        "@esbuild/linux-ppc64",
        "@esbuild/linux-riscv64",
        "@esbuild/linux-s390x",
        "@esbuild/linux-x64",
        "@esbuild/netbsd-x64",
        "@esbuild/openbsd-x64",
        "@esbuild/sunos-x64",
        "@esbuild/win32-arm64",
        "@esbuild/win32-ia32",
        "@esbuild/win32-x64"
      ],
      "scripts": true,
      "bin": true
    },
    "fsevents@2.3.3": {
      "integrity": "sha512-5xoDfX+fL7faATnagmWPpbFtwh/R77WmMMqqHGS65C3vvB0YHrgF+B1YmZ3441tMj5n63k0212XNoJwzlhffQw==",
      "os": ["darwin"],
      "scripts": true
    },
    "nanoid@3.3.8": {
      "integrity": "sha512-WNLf5Sd8oZxOm+TzppcYk8gVOgP+l58xNy58D0nbUnOxOWRWvlcCV4kUF7ltmI6PsrLl/BgKEyS4mqsGChFN0w==",
      "bin": true
    },
    "picocolors@1.1.1": {
      "integrity": "sha512-xceH2snhtb5M9liqDsmEw56le376mTZkEX/jEb/RxNFyegNul7eNslCXP9FDj/Lcu0X8KEyMceP2ntpaHrDEVA=="
    },
    "postcss@8.5.1": {
      "integrity": "sha512-6oz2beyjc5VMn/KV1pPw8fliQkhBXrVn1Z3TVyqZxU8kZpzEKhBdmCFqI6ZbmGtamQvQGuU1sgPTk8ZrXDD7jQ==",
      "dependencies": [
        "nanoid",
        "picocolors",
        "source-map-js"
      ]
    },
    "rollup@4.34.0": {
      "integrity": "sha512-+4C/cgJ9w6sudisA0nZz0+O7lTP9a3CzNLsoDwaRumM8QHwghUsu6tqHXiTmNUp/rqNiM14++7dkzHDyCRs0Jg==",
      "dependencies": [
        "@types/estree"
      ],
      "optionalDependencies": [
        "@rollup/rollup-android-arm-eabi",
        "@rollup/rollup-android-arm64",
        "@rollup/rollup-darwin-arm64",
        "@rollup/rollup-darwin-x64",
        "@rollup/rollup-freebsd-arm64",
        "@rollup/rollup-freebsd-x64",
        "@rollup/rollup-linux-arm-gnueabihf",
        "@rollup/rollup-linux-arm-musleabihf",
        "@rollup/rollup-linux-arm64-gnu",
        "@rollup/rollup-linux-arm64-musl",
        "@rollup/rollup-linux-loongarch64-gnu",
        "@rollup/rollup-linux-powerpc64le-gnu",
        "@rollup/rollup-linux-riscv64-gnu",
        "@rollup/rollup-linux-s390x-gnu",
        "@rollup/rollup-linux-x64-gnu",
        "@rollup/rollup-linux-x64-musl",
        "@rollup/rollup-win32-arm64-msvc",
        "@rollup/rollup-win32-ia32-msvc",
        "@rollup/rollup-win32-x64-msvc",
        "fsevents"
      ],
      "bin": true
    },
    "source-map-js@1.2.1": {
      "integrity": "sha512-UXWMKhLOwVKb728IUtQPXxfYU+usdybtUrK/8uGE8CQMvrhOpwvzDBwj0QhSL7MQc7vIsISBG8VQ8+IDQxpfQA=="
    },
    "tinyqueue@3.0.0": {
      "integrity": "sha512-gRa9gwYU3ECmQYv3lslts5hxuIa90veaEcxDYuu3QGOIAEM2mOZkVHp48ANJuu1CURtRdHKUBY5Lm1tHV+sD4g=="
    },
    "vite@5.4.14": {
      "integrity": "sha512-EK5cY7Q1D8JNhSaPKVK4pwBFvaTmZxEnoKXLG/U9gmdDcihQGNzFlgIvaxezFR4glP1LsuiedwMBqCXH3wZccA==",
      "dependencies": [
        "esbuild",
        "postcss",
        "rollup"
      ],
      "optionalDependencies": [
        "fsevents"
      ],
      "bin": true
    }
  },
  "remote": {
    "https://deno.land/std@0.208.0/assert/assert.ts": "9a97dad6d98c238938e7540736b826440ad8c1c1e54430ca4c4e623e585607ee",
    "https://deno.land/std@0.208.0/assert/assertion_error.ts": "4d0bde9b374dfbcbe8ac23f54f567b77024fb67dbb1906a852d67fe050d42f56",
    "https://deno.land/std@0.208.0/async/delay.ts": "a6142eb44cdd856b645086af2b811b1fcce08ec06bb7d50969e6a872ee9b8659",
    "https://deno.land/std@0.208.0/cli/parse_args.ts": "9bea02050b3f302e706871ff87ecfa3ad82cc34249adbe0dcddfaac75bdb48ff",
    "https://deno.land/std@0.208.0/encoding/_util.ts": "f368920189c4fe6592ab2e93bd7ded8f3065b84f95cd3e036a4a10a75649dcba",
    "https://deno.land/std@0.208.0/encoding/base64.ts": "81c0ecff5ccb402def58ca03d8bd245bd01da15a077d3362b568e991aa10f4d9",
    "https://deno.land/std@0.208.0/fmt/bytes.ts": "f29cf69e0791d375f9f5d94ae1f0641e5a03b975f32ddf86d70f70fdf37e7b6a",
    "https://deno.land/std@0.208.0/fmt/colors.ts": "34b3f77432925eb72cf0bfb351616949746768620b8e5ead66da532f93d10ba2",
    "https://deno.land/std@0.208.0/http/etag.ts": "259abf65316c728660e34a100dcb07a1303c37ab6ca3d4ee068503c18b4358b0",
    "https://deno.land/std@0.208.0/http/file_server.ts": "8a2035a1130fab717a103375d85bf99b25ee27bede8d5a4b3ead2ece24de8b6e",
    "https://deno.land/std@0.208.0/http/server.ts": "f3cde6672e631d3e00785743cfa96bfed275618c0352c5ae84abbe5a2e0e4afc",
    "https://deno.land/std@0.208.0/http/status.ts": "dcbcc0f048ba8fad81228ac66e4a984c924a28c05701dddd20e0f005681d932f",
    "https://deno.land/std@0.208.0/media_types/_db.ts": "7606d83e31f23ce1a7968cbaee852810c2cf477903a095696cdc62eaab7ce570",
    "https://deno.land/std@0.208.0/media_types/_util.ts": "0879b04cc810ff18d3dcd97d361e03c9dfb29f67d7fc4a9c6c9d387282ef5fe8",
    "https://deno.land/std@0.208.0/media_types/content_type.ts": "a7a3cb6a2b6e81101637afcaa9884d655b4568ded84fa7e6169bb690a87ee2aa",
    "https://deno.land/std@0.208.0/media_types/format_media_type.ts": "f5e1073c05526a6f5a516ac5c5587a1abd043bf1039c71cde1166aa4328c8baf",
    "https://deno.land/std@0.208.0/media_types/get_charset.ts": "18b88274796fda5d353806bf409eb1d2ddb3f004eb4bd311662c4cdd8ac173db",
    "https://deno.land/std@0.208.0/media_types/parse_media_type.ts": "31ccf2388ffab31b49500bb89fa0f5de189c8897e2ee6c9954f207637d488211",
    "https://deno.land/std@0.208.0/media_types/vendor/mime-db.v1.52.0.ts": "6925bbcae81ca37241e3f55908d0505724358cda3384eaea707773b2c7e99586",
    "https://deno.land/std@0.208.0/path/_common/assert_path.ts": "061e4d093d4ba5aebceb2c4da3318bfe3289e868570e9d3a8e327d91c2958946",
    "https://deno.land/std@0.208.0/path/_common/constants.ts": "e49961f6f4f48039c0dfed3c3f93e963ca3d92791c9d478ac5b43183413136e0",
    "https://deno.land/std@0.208.0/path/_common/normalize.ts": "2ba7fb4cc9fafb0f38028f434179579ce61d4d9e51296fad22b701c3d3cd7397",
    "https://deno.land/std@0.208.0/path/_common/normalize_string.ts": "88c472f28ae49525f9fe82de8c8816d93442d46a30d6bb5063b07ff8a89ff589",
    "https://deno.land/std@0.208.0/path/_common/relative.ts": "1af19d787a2a84b8c534cc487424fe101f614982ae4851382c978ab2216186b4",
    "https://deno.land/std@0.208.0/path/_os.ts": "30b0c2875f360c9296dbe6b7f2d528f0f9c741cecad2e97f803f5219e91b40a2",
    "https://deno.land/std@0.208.0/path/extname.ts": "2da4e2490f3b48b7121d19fb4c91681a5e11bd6bd99df4f6f47d7a71bb6ecdf2",
    "https://deno.land/std@0.208.0/path/join.ts": "98d3d76c819af4a11a81d5ba2dbb319f1ce9d63fc2b615597d4bcfddd4a89a09",
    "https://deno.land/std@0.208.0/path/posix/_util.ts": "ecf49560fedd7dd376c6156cc5565cad97c1abe9824f4417adebc7acc36c93e5",
    "https://deno.land/std@0.208.0/path/posix/extname.ts": "ee7f6571a9c0a37f9218fbf510c440d1685a7c13082c348d701396cc795e0be0",
    "https://deno.land/std@0.208.0/path/posix/join.ts": "0c0d84bdc344876930126640011ec1b888e6facf74153ffad9ef26813aa2a076",
    "https://deno.land/std@0.208.0/path/posix/normalize.ts": "11de90a94ab7148cc46e5a288f7d732aade1d616bc8c862f5560fa18ff987b4b",
    "https://deno.land/std@0.208.0/path/posix/relative.ts": "e2f230608b0f083e6deaa06e063943e5accb3320c28aef8d87528fbb7fe6504c",
    "https://deno.land/std@0.208.0/path/posix/resolve.ts": "51579d83159d5c719518c9ae50812a63959bbcb7561d79acbdb2c3682236e285",
    "https://deno.land/std@0.208.0/path/relative.ts": "23d45ede8b7ac464a8299663a43488aad6b561414e7cbbe4790775590db6349c",
    "https://deno.land/std@0.208.0/path/resolve.ts": "5b184efc87155a0af9fa305ff68a109e28de9aee81fc3e77cd01380f19daf867",
    "https://deno.land/std@0.208.0/path/separator.ts": "40a3e9a4ad10bef23bc2cd6c610291b6c502a06237c2c4cd034a15ca78dedc1f",
    "https://deno.land/std@0.208.0/path/windows/_util.ts": "f32b9444554c8863b9b4814025c700492a2b57ff2369d015360970a1b1099d54",
    "https://deno.land/std@0.208.0/path/windows/join.ts": "e6600bf88edeeef4e2276e155b8de1d5dec0435fd526ba2dc4d37986b2882f16",
    "https://deno.land/std@0.208.0/path/windows/normalize.ts": "9deebbf40c81ef540b7b945d4ccd7a6a2c5a5992f791e6d3377043031e164e69",
    "https://deno.land/std@0.208.0/path/windows/relative.ts": "026855cd2c36c8f28f1df3c6fbd8f2449a2aa21f48797a74700c5d872b86d649",
    "https://deno.land/std@0.208.0/path/windows/resolve.ts": "5ff441ab18a2346abadf778121128ee71bda4d0898513d4639a6ca04edca366b",
    "https://deno.land/std@0.208.0/streams/byte_slice_stream.ts": "c46d7c74836fc8c1a9acd9fe211cbe1bbaaee1b36087c834fb03af4991135c3a",
    "https://deno.land/std@0.208.0/version.ts": "a3207ea06bba42f09c7c7ab46590b202c98366f26d2ae31622a4839257dbc790"
  },
  "workspace": {
    "dependencies": [
      "jsr:@std/http@1",
      "npm:tinyqueue@3.0.0"
    ]
  }
}
